
Microsoft Visual Studio Solution File, Format Version 12.00
# Visual Studio Version 17
VisualStudioVersion = 17.6.33723.286
MinimumVisualStudioVersion = 10.0.40219.1
Project("{9A19103F-16F7-4668-BE54-9A1E7A4F7556}") = "shop", "shop\shop.csproj", "{C0F3C7BE-A738-4C2C-99FA-BDB8752B32AA}"
EndProject
Project("{9A19103F-16F7-4668-BE54-9A1E7A4F7556}") = "Domain", "Domain\Domain.csproj", "{4A114B5F-427A-4365-898C-28F5B8010C91}"
EndProject
Project("{9A19103F-16F7-4668-BE54-9A1E7A4F7556}") = "Infrastructure", "Infrastructure\Infrastructure.csproj", "{00D41193-A2D7-47D7-8EE1-DA8874A24223}"
EndProject
Project("{FAE04EC0-301F-11D3-BF4B-00C04F79EFBC}") = "Application", "Application\Application.csproj", "{D07D0B0F-5111-4386-BFB4-B904985C8A1E}"
EndProject
Global
	GlobalSection(SolutionConfigurationPlatforms) = preSolution
		Debug|Any CPU = Debug|Any CPU
		Release|Any CPU = Release|Any CPU
	EndGlobalSection
	GlobalSection(ProjectConfigurationPlatforms) = postSolution
		{C0F3C7BE-A738-4C2C-99FA-BDB8752B32AA}.Debug|Any CPU.ActiveCfg = Debug|Any CPU
		{C0F3C7BE-A738-4C2C-99FA-BDB8752B32AA}.Debug|Any CPU.Build.0 = Debug|Any CPU
		{C0F3C7BE-A738-4C2C-99FA-BDB8752B32AA}.Release|Any CPU.ActiveCfg = Release|Any CPU
		{C0F3C7BE-A738-4C2C-99FA-BDB8752B32AA}.Release|Any CPU.Build.0 = Release|Any CPU
		{4A114B5F-427A-4365-898C-28F5B8010C91}.Debug|Any CPU.ActiveCfg = Debug|Any CPU
		{4A114B5F-427A-4365-898C-28F5B8010C91}.Debug|Any CPU.Build.0 = Debug|Any CPU
		{4A114B5F-427A-4365-898C-28F5B8010C91}.Release|Any CPU.ActiveCfg = Release|Any CPU
		{4A114B5F-427A-4365-898C-28F5B8010C91}.Release|Any CPU.Build.0 = Release|Any CPU
		{00D41193-A2D7-47D7-8EE1-DA8874A24223}.Debug|Any CPU.ActiveCfg = Debug|Any CPU
		{00D41193-A2D7-47D7-8EE1-DA8874A24223}.Debug|Any CPU.Build.0 = Debug|Any CPU
		{00D41193-A2D7-47D7-8EE1-DA8874A24223}.Release|Any CPU.ActiveCfg = Release|Any CPU
		{00D41193-A2D7-47D7-8EE1-DA8874A24223}.Release|Any CPU.Build.0 = Release|Any CPU
		{D07D0B0F-5111-4386-BFB4-B904985C8A1E}.Debug|Any CPU.ActiveCfg = Debug|Any CPU
		{D07D0B0F-5111-4386-BFB4-B904985C8A1E}.Debug|Any CPU.Build.0 = Debug|Any CPU
		{D07D0B0F-5111-4386-BFB4-B904985C8A1E}.Release|Any CPU.ActiveCfg = Release|Any CPU
		{D07D0B0F-5111-4386-BFB4-B904985C8A1E}.Release|Any CPU.Build.0 = Release|Any CPU
	EndGlobalSection
	GlobalSection(SolutionProperties) = preSolution
		HideSolutionNode = FALSE
	EndGlobalSection
	GlobalSection(ExtensibilityGlobals) = postSolution
		SolutionGuid = {1A7478F1-A87B-4D6C-9FC3-54E7C419CCED}
	EndGlobalSection
EndGlobal
